
Microsoft Visual Studio Solution File, Format Version 12.00
# Visual Studio Version 16
VisualStudioVersion = 16.0.29209.62
MinimumVisualStudioVersion = 10.0.40219.1
Project("{FAE04EC0-301F-11D3-BF4B-00C04F79EFBC}") = "QLBH_Carina_API", "QLBH_Carina_API\QLBH_Carina_API.csproj", "{7B679D1F-08E8-4A9D-AB08-96885D2D0A64}"
EndProject
Project("{FAE04EC0-301F-11D3-BF4B-00C04F79EFBC}") = "BT_lon", "Winform\BT_lon\BT_lon.csproj", "{DEC6AC2A-0372-4713-B478-6DB9999F9274}"
EndProject
Global
	GlobalSection(SolutionConfigurationPlatforms) = preSolution
		Debug|Any CPU = Debug|Any CPU
		Release|Any CPU = Release|Any CPU
	EndGlobalSection
	GlobalSection(ProjectConfigurationPlatforms) = postSolution
		{7B679D1F-08E8-4A9D-AB08-96885D2D0A64}.Debug|Any CPU.ActiveCfg = Debug|Any CPU
		{7B679D1F-08E8-4A9D-AB08-96885D2D0A64}.Debug|Any CPU.Build.0 = Debug|Any CPU
		{7B679D1F-08E8-4A9D-AB08-96885D2D0A64}.Release|Any CPU.ActiveCfg = Release|Any CPU
		{7B679D1F-08E8-4A9D-AB08-96885D2D0A64}.Release|Any CPU.Build.0 = Release|Any CPU
		{DEC6AC2A-0372-4713-B478-6DB9999F9274}.Debug|Any CPU.ActiveCfg = Debug|Any CPU
		{DEC6AC2A-0372-4713-B478-6DB9999F9274}.Debug|Any CPU.Build.0 = Debug|Any CPU
		{DEC6AC2A-0372-4713-B478-6DB9999F9274}.Release|Any CPU.ActiveCfg = Release|Any CPU
		{DEC6AC2A-0372-4713-B478-6DB9999F9274}.Release|Any CPU.Build.0 = Release|Any CPU
	EndGlobalSection
	GlobalSection(SolutionProperties) = preSolution
		HideSolutionNode = FALSE
	EndGlobalSection
	GlobalSection(ExtensibilityGlobals) = postSolution
		SolutionGuid = {6C0BACEF-1BF3-45DE-9062-1BB9CEE02BBE}
	EndGlobalSection
EndGlobal
